
Microsoft Visual Studio Solution File, Format Version 12.00
# Visual Studio Version 17
VisualStudioVersion = 17.5.002.0
MinimumVisualStudioVersion = 10.0.40219.1
Project("{9A19103F-16F7-4668-BE54-9A1E7A4F7556}") = "helloworld2", "helloworld2.csproj", "{578B0936-A28E-4174-B118-95CB40203306}"
EndProject
Global
	GlobalSection(SolutionConfigurationPlatforms) = preSolution
		Debug|Any CPU = Debug|Any CPU
		Release|Any CPU = Release|Any CPU
	EndGlobalSection
	GlobalSection(ProjectConfigurationPlatforms) = postSolution
		{578B0936-A28E-4174-B118-95CB40203306}.Debug|Any CPU.ActiveCfg = Debug|Any CPU
		{578B0936-A28E-4174-B118-95CB40203306}.Debug|Any CPU.Build.0 = Debug|Any CPU
		{578B0936-A28E-4174-B118-95CB40203306}.Release|Any CPU.ActiveCfg = Release|Any CPU
		{578B0936-A28E-4174-B118-95CB40203306}.Release|Any CPU.Build.0 = Release|Any CPU
	EndGlobalSection
	GlobalSection(SolutionProperties) = preSolution
		HideSolutionNode = FALSE
	EndGlobalSection
	GlobalSection(ExtensibilityGlobals) = postSolution
		SolutionGuid = {6211A4A2-5AD0-4D51-B73E-6A943BFDBFA1}
	EndGlobalSection
EndGlobal
